# This file was autogenerated by Stack.
# You should not edit this file by hand.
# For more information, please see the documentation at:
#   https://docs.haskellstack.org/en/stable/lock_files

packages:
- completed:
    hackage: packer-0.1.9@sha256:b81d8c0d9d25607b88b64bb8e23e52a4d7a214a037133fca6c4704713df01845,1355
    pantry-tree:
      size: 571
      sha256: 9c1735b8e2d06bcb0cbe4729408e92d7239055d02c3f5e58faa9416804934de3
  original:
    hackage: packer-0.1.9@sha256:b81d8c0d9d25607b88b64bb8e23e52a4d7a214a037133fca6c4704713df01845,1355
snapshots:
- completed:
    size: 532835
    url: https://raw.githubusercontent.com/commercialhaskell/stackage-snapshots/master/lts/16/24.yaml
    sha256: cf2b52420b2262fe9cf0f6744929120131abd6675b1c3fb2d8b155a47f80d103
  original:
    url: https://raw.githubusercontent.com/commercialhaskell/stackage-snapshots/master/lts/16/24.yaml
